// !$*UTF8*$!
{
	archiveVersion = 1;
	classes = {
	};
	objectVersion = 56;
	objects = {

/* Begin PBXBuildFile section */
		FC25DB352A692E0A00EE351F /* CoreDataStack.swift in Sources */ = {isa = PBXBuildFile; fileRef = FC25DB342A692E0A00EE351F /* CoreDataStack.swift */; };
		FC25DB372A69362500EE351F /* DataControllerManager.swift in Sources */ = {isa = PBXBuildFile; fileRef = FC25DB362A69362500EE351F /* DataControllerManager.swift */; };
		FC25DB4C2A69715100EE351F /* PhotoGalleryViewController.swift in Sources */ = {isa = PBXBuildFile; fileRef = FC25DB4B2A69715100EE351F /* PhotoGalleryViewController.swift */; };
		FC25DB4E2A69717B00EE351F /* PhotoGalleryViewModel.swift in Sources */ = {isa = PBXBuildFile; fileRef = FC25DB4D2A69717B00EE351F /* PhotoGalleryViewModel.swift */; };
		FCA507422A71140900359993 /* PhotosResponse.swift in Sources */ = {isa = PBXBuildFile; fileRef = FCA507412A71140900359993 /* PhotosResponse.swift */; };
		FCA507442A712E8400359993 /* PhotosResult.swift in Sources */ = {isa = PBXBuildFile; fileRef = FCA507432A712E8400359993 /* PhotosResult.swift */; };
		FCA507462A712E9B00359993 /* FlickrPhoto.swift in Sources */ = {isa = PBXBuildFile; fileRef = FCA507452A712E9B00359993 /* FlickrPhoto.swift */; };
		FCA507482A71540400359993 /* ImageRepositoryProtocol.swift in Sources */ = {isa = PBXBuildFile; fileRef = FCA507472A71540400359993 /* ImageRepositoryProtocol.swift */; };
		FCA5074A2A73BF5F00359993 /* HttpClientProtocol.swift in Sources */ = {isa = PBXBuildFile; fileRef = FCA507492A73BF5F00359993 /* HttpClientProtocol.swift */; };
		FCA5074C2A73C05100359993 /* HttpClientFake.swift in Sources */ = {isa = PBXBuildFile; fileRef = FCA5074B2A73C05100359993 /* HttpClientFake.swift */; };
		FCA5074E2A77C76200359993 /* DataControllerProtocol.swift in Sources */ = {isa = PBXBuildFile; fileRef = FCA5074D2A77C76200359993 /* DataControllerProtocol.swift */; };
		FCA507502A781E4800359993 /* CLLocationCoordinate2D+Extensions.swift in Sources */ = {isa = PBXBuildFile; fileRef = FCA5074F2A781E4800359993 /* CLLocationCoordinate2D+Extensions.swift */; };
		FCA507522A794DD700359993 /* CoreDataPrintViewModel.swift in Sources */ = {isa = PBXBuildFile; fileRef = FCA507512A794DD700359993 /* CoreDataPrintViewModel.swift */; };
		FCBC2B4C2A66E561002925BD /* AppDelegate.swift in Sources */ = {isa = PBXBuildFile; fileRef = FCBC2B4B2A66E561002925BD /* AppDelegate.swift */; };
		FCBC2B4E2A66E561002925BD /* SceneDelegate.swift in Sources */ = {isa = PBXBuildFile; fileRef = FCBC2B4D2A66E561002925BD /* SceneDelegate.swift */; };
		FCBC2B532A66E561002925BD /* Main.storyboard in Resources */ = {isa = PBXBuildFile; fileRef = FCBC2B512A66E561002925BD /* Main.storyboard */; };
		FCBC2B552A66E564002925BD /* Assets.xcassets in Resources */ = {isa = PBXBuildFile; fileRef = FCBC2B542A66E564002925BD /* Assets.xcassets */; };
		FCBC2B582A66E564002925BD /* LaunchScreen.storyboard in Resources */ = {isa = PBXBuildFile; fileRef = FCBC2B562A66E564002925BD /* LaunchScreen.storyboard */; };
		FCBC2B602A67F1C4002925BD /* TravelLocationViewController.swift in Sources */ = {isa = PBXBuildFile; fileRef = FCBC2B5F2A67F1C4002925BD /* TravelLocationViewController.swift */; };
		FCBC2B632A67F2BF002925BD /* TravelLocationViewModel.swift in Sources */ = {isa = PBXBuildFile; fileRef = FCBC2B622A67F2BF002925BD /* TravelLocationViewModel.swift */; };
		FCBC2B662A6820CF002925BD /* VirtualTourist.xcdatamodeld in Sources */ = {isa = PBXBuildFile; fileRef = FCBC2B642A6820CF002925BD /* VirtualTourist.xcdatamodeld */; };
		FCF21C5D2A6FC038006587B9 /* PhotoGalleryCell.swift in Sources */ = {isa = PBXBuildFile; fileRef = FCF21C5C2A6FC038006587B9 /* PhotoGalleryCell.swift */; };
		FCF21C5F2A6FCACF006587B9 /* PhotoGalleryDataSource.swift in Sources */ = {isa = PBXBuildFile; fileRef = FCF21C5E2A6FCACF006587B9 /* PhotoGalleryDataSource.swift */; };
		FCF21C622A6FD11B006587B9 /* FlickrAPI.swift in Sources */ = {isa = PBXBuildFile; fileRef = FCF21C612A6FD11B006587B9 /* FlickrAPI.swift */; };
		FCF21C642A6FD3FA006587B9 /* HttpClient.swift in Sources */ = {isa = PBXBuildFile; fileRef = FCF21C632A6FD3FA006587B9 /* HttpClient.swift */; };
/* End PBXBuildFile section */

/* Begin PBXContainerItemProxy section */
		FC25DB422A69460800EE351F /* PBXContainerItemProxy */ = {
			isa = PBXContainerItemProxy;
			containerPortal = FCBC2B402A66E561002925BD /* Project object */;
			proxyType = 1;
			remoteGlobalIDString = FCBC2B472A66E561002925BD;
			remoteInfo = "Virtual Tourist";
		};
/* End PBXContainerItemProxy section */

/* Begin PBXFileReference section */
		FC25DB342A692E0A00EE351F /* CoreDataStack.swift */ = {isa = PBXFileReference; lastKnownFileType = sourcecode.swift; path = CoreDataStack.swift; sourceTree = "<group>"; };
		FC25DB362A69362500EE351F /* DataControllerManager.swift */ = {isa = PBXFileReference; lastKnownFileType = sourcecode.swift; path = DataControllerManager.swift; sourceTree = "<group>"; };
		FC25DB3C2A69460800EE351F /* VirtualTouristUITests.xctest */ = {isa = PBXFileReference; explicitFileType = wrapper.cfbundle; includeInIndex = 0; path = VirtualTouristUITests.xctest; sourceTree = BUILT_PRODUCTS_DIR; };
		FC25DB4B2A69715100EE351F /* PhotoGalleryViewController.swift */ = {isa = PBXFileReference; lastKnownFileType = sourcecode.swift; path = PhotoGalleryViewController.swift; sourceTree = "<group>"; };
		FC25DB4D2A69717B00EE351F /* PhotoGalleryViewModel.swift */ = {isa = PBXFileReference; lastKnownFileType = sourcecode.swift; path = PhotoGalleryViewModel.swift; sourceTree = "<group>"; };
		FCA507412A71140900359993 /* PhotosResponse.swift */ = {isa = PBXFileReference; lastKnownFileType = sourcecode.swift; path = PhotosResponse.swift; sourceTree = "<group>"; };
		FCA507432A712E8400359993 /* PhotosResult.swift */ = {isa = PBXFileReference; lastKnownFileType = sourcecode.swift; path = PhotosResult.swift; sourceTree = "<group>"; };
		FCA507452A712E9B00359993 /* FlickrPhoto.swift */ = {isa = PBXFileReference; lastKnownFileType = sourcecode.swift; path = FlickrPhoto.swift; sourceTree = "<group>"; };
		FCA507472A71540400359993 /* ImageRepositoryProtocol.swift */ = {isa = PBXFileReference; lastKnownFileType = sourcecode.swift; path = ImageRepositoryProtocol.swift; sourceTree = "<group>"; };
		FCA507492A73BF5F00359993 /* HttpClientProtocol.swift */ = {isa = PBXFileReference; lastKnownFileType = sourcecode.swift; path = HttpClientProtocol.swift; sourceTree = "<group>"; };
		FCA5074B2A73C05100359993 /* HttpClientFake.swift */ = {isa = PBXFileReference; lastKnownFileType = sourcecode.swift; path = HttpClientFake.swift; sourceTree = "<group>"; };
		FCA5074D2A77C76200359993 /* DataControllerProtocol.swift */ = {isa = PBXFileReference; lastKnownFileType = sourcecode.swift; path = DataControllerProtocol.swift; sourceTree = "<group>"; };
		FCA5074F2A781E4800359993 /* CLLocationCoordinate2D+Extensions.swift */ = {isa = PBXFileReference; lastKnownFileType = sourcecode.swift; path = "CLLocationCoordinate2D+Extensions.swift"; sourceTree = "<group>"; };
		FCA507512A794DD700359993 /* CoreDataPrintViewModel.swift */ = {isa = PBXFileReference; lastKnownFileType = sourcecode.swift; path = CoreDataPrintViewModel.swift; sourceTree = "<group>"; };
		FCBC2B482A66E561002925BD /* Virtual Tourist.app */ = {isa = PBXFileReference; explicitFileType = wrapper.application; includeInIndex = 0; path = "Virtual Tourist.app"; sourceTree = BUILT_PRODUCTS_DIR; };
		FCBC2B4B2A66E561002925BD /* AppDelegate.swift */ = {isa = PBXFileReference; lastKnownFileType = sourcecode.swift; path = AppDelegate.swift; sourceTree = "<group>"; };
		FCBC2B4D2A66E561002925BD /* SceneDelegate.swift */ = {isa = PBXFileReference; lastKnownFileType = sourcecode.swift; path = SceneDelegate.swift; sourceTree = "<group>"; };
		FCBC2B522A66E561002925BD /* Base */ = {isa = PBXFileReference; lastKnownFileType = file.storyboard; name = Base; path = Base.lproj/Main.storyboard; sourceTree = "<group>"; };
		FCBC2B542A66E564002925BD /* Assets.xcassets */ = {isa = PBXFileReference; lastKnownFileType = folder.assetcatalog; path = Assets.xcassets; sourceTree = "<group>"; };
		FCBC2B572A66E564002925BD /* Base */ = {isa = PBXFileReference; lastKnownFileType = file.storyboard; name = Base; path = Base.lproj/LaunchScreen.storyboard; sourceTree = "<group>"; };
		FCBC2B592A66E564002925BD /* Info.plist */ = {isa = PBXFileReference; lastKnownFileType = text.plist.xml; path = Info.plist; sourceTree = "<group>"; };
		FCBC2B5F2A67F1C4002925BD /* TravelLocationViewController.swift */ = {isa = PBXFileReference; lastKnownFileType = sourcecode.swift; path = TravelLocationViewController.swift; sourceTree = "<group>"; };
		FCBC2B622A67F2BF002925BD /* TravelLocationViewModel.swift */ = {isa = PBXFileReference; lastKnownFileType = sourcecode.swift; path = TravelLocationViewModel.swift; sourceTree = "<group>"; };
		FCBC2B652A6820CF002925BD /* VirtualTourist.xcdatamodel */ = {isa = PBXFileReference; lastKnownFileType = wrapper.xcdatamodel; path = VirtualTourist.xcdatamodel; sourceTree = "<group>"; };
		FCF21C5C2A6FC038006587B9 /* PhotoGalleryCell.swift */ = {isa = PBXFileReference; lastKnownFileType = sourcecode.swift; path = PhotoGalleryCell.swift; sourceTree = "<group>"; };
		FCF21C5E2A6FCACF006587B9 /* PhotoGalleryDataSource.swift */ = {isa = PBXFileReference; lastKnownFileType = sourcecode.swift; path = PhotoGalleryDataSource.swift; sourceTree = "<group>"; };
		FCF21C612A6FD11B006587B9 /* FlickrAPI.swift */ = {isa = PBXFileReference; lastKnownFileType = sourcecode.swift; path = FlickrAPI.swift; sourceTree = "<group>"; };
		FCF21C632A6FD3FA006587B9 /* HttpClient.swift */ = {isa = PBXFileReference; lastKnownFileType = sourcecode.swift; path = HttpClient.swift; sourceTree = "<group>"; };
/* End PBXFileReference section */

/* Begin PBXFrameworksBuildPhase section */
		FC25DB392A69460800EE351F /* Frameworks */ = {
			isa = PBXFrameworksBuildPhase;
			buildActionMask = 2147483647;
			files = (
			);
			runOnlyForDeploymentPostprocessing = 0;
		};
		FCBC2B452A66E561002925BD /* Frameworks */ = {
			isa = PBXFrameworksBuildPhase;
			buildActionMask = 2147483647;
			files = (
			);
			runOnlyForDeploymentPostprocessing = 0;
		};
/* End PBXFrameworksBuildPhase section */

/* Begin PBXGroup section */
		FC25DB492A69711800EE351F /* Photo Album */ = {
			isa = PBXGroup;
			children = (
				FC25DB4A2A69712A00EE351F /* Album */,
				FCF21C5B2A6FBFA7006587B9 /* CollectionView */,
			);
			path = "Photo Album";
			sourceTree = "<group>";
		};
		FC25DB4A2A69712A00EE351F /* Album */ = {
			isa = PBXGroup;
			children = (
				FC25DB4B2A69715100EE351F /* PhotoGalleryViewController.swift */,
				FC25DB4D2A69717B00EE351F /* PhotoGalleryViewModel.swift */,
			);
			path = Album;
			sourceTree = "<group>";
		};
		FCA507402A7113DE00359993 /* Response */ = {
			isa = PBXGroup;
			children = (
				FCA507452A712E9B00359993 /* FlickrPhoto.swift */,
				FCA507412A71140900359993 /* PhotosResponse.swift */,
				FCA507432A712E8400359993 /* PhotosResult.swift */,
				FCA507472A71540400359993 /* ImageRepositoryProtocol.swift */,
			);
			path = Response;
			sourceTree = "<group>";
		};
		FCBC2B3F2A66E561002925BD = {
			isa = PBXGroup;
			children = (
				FCBC2B4A2A66E561002925BD /* Virtual Tourist */,
				FCBC2B492A66E561002925BD /* Products */,
			);
			sourceTree = "<group>";
		};
		FCBC2B492A66E561002925BD /* Products */ = {
			isa = PBXGroup;
			children = (
				FCBC2B482A66E561002925BD /* Virtual Tourist.app */,
				FC25DB3C2A69460800EE351F /* VirtualTouristUITests.xctest */,
			);
			name = Products;
			sourceTree = "<group>";
		};
		FCBC2B4A2A66E561002925BD /* Virtual Tourist */ = {
			isa = PBXGroup;
			children = (
				FCF21C602A6FD0B1006587B9 /* Service */,
				FCBC2B682A6820E6002925BD /* Database */,
				FC25DB492A69711800EE351F /* Photo Album */,
				FCBC2B612A67F2A7002925BD /* Travel Location */,
				FCBC2B4B2A66E561002925BD /* AppDelegate.swift */,
				FCBC2B4D2A66E561002925BD /* SceneDelegate.swift */,
				FCBC2B512A66E561002925BD /* Main.storyboard */,
				FCBC2B542A66E564002925BD /* Assets.xcassets */,
				FCBC2B562A66E564002925BD /* LaunchScreen.storyboard */,
				FCBC2B592A66E564002925BD /* Info.plist */,
				FCA5074F2A781E4800359993 /* CLLocationCoordinate2D+Extensions.swift */,
			);
			path = "Virtual Tourist";
			sourceTree = "<group>";
		};
		FCBC2B612A67F2A7002925BD /* Travel Location */ = {
			isa = PBXGroup;
			children = (
				FCBC2B5F2A67F1C4002925BD /* TravelLocationViewController.swift */,
				FCBC2B622A67F2BF002925BD /* TravelLocationViewModel.swift */,
			);
			path = "Travel Location";
			sourceTree = "<group>";
		};
		FCBC2B672A6820D5002925BD /* CoreData */ = {
			isa = PBXGroup;
			children = (
				FC25DB342A692E0A00EE351F /* CoreDataStack.swift */,
				FC25DB362A69362500EE351F /* DataControllerManager.swift */,
				FCA5074D2A77C76200359993 /* DataControllerProtocol.swift */,
				FCBC2B642A6820CF002925BD /* VirtualTourist.xcdatamodeld */,
				FCA507512A794DD700359993 /* CoreDataPrintViewModel.swift */,
			);
			path = CoreData;
			sourceTree = "<group>";
		};
		FCBC2B682A6820E6002925BD /* Database */ = {
			isa = PBXGroup;
			children = (
				FCBC2B672A6820D5002925BD /* CoreData */,
			);
			path = Database;
			sourceTree = "<group>";
		};
		FCF21C5B2A6FBFA7006587B9 /* CollectionView */ = {
			isa = PBXGroup;
			children = (
				FCF21C5C2A6FC038006587B9 /* PhotoGalleryCell.swift */,
				FCF21C5E2A6FCACF006587B9 /* PhotoGalleryDataSource.swift */,
			);
			path = CollectionView;
			sourceTree = "<group>";
		};
		FCF21C602A6FD0B1006587B9 /* Service */ = {
			isa = PBXGroup;
			children = (
				FCA507402A7113DE00359993 /* Response */,
				FCF21C612A6FD11B006587B9 /* FlickrAPI.swift */,
				FCF21C632A6FD3FA006587B9 /* HttpClient.swift */,
				FCA5074B2A73C05100359993 /* HttpClientFake.swift */,
				FCA507492A73BF5F00359993 /* HttpClientProtocol.swift */,
			);
			path = Service;
			sourceTree = "<group>";
		};
/* End PBXGroup section */

/* Begin PBXNativeTarget section */
		FC25DB3B2A69460800EE351F /* VirtualTouristUITests */ = {
			isa = PBXNativeTarget;
			buildConfigurationList = FC25DB442A69460900EE351F /* Build configuration list for PBXNativeTarget "VirtualTouristUITests" */;
			buildPhases = (
				FC25DB382A69460800EE351F /* Sources */,
				FC25DB392A69460800EE351F /* Frameworks */,
				FC25DB3A2A69460800EE351F /* Resources */,
			);
			buildRules = (
			);
			dependencies = (
				FC25DB432A69460800EE351F /* PBXTargetDependency */,
			);
			name = VirtualTouristUITests;
			productName = VirtualTouristUITests;
			productReference = FC25DB3C2A69460800EE351F /* VirtualTouristUITests.xctest */;
			productType = "com.apple.product-type.bundle.ui-testing";
		};
		FCBC2B472A66E561002925BD /* Virtual Tourist */ = {
			isa = PBXNativeTarget;
			buildConfigurationList = FCBC2B5C2A66E564002925BD /* Build configuration list for PBXNativeTarget "Virtual Tourist" */;
			buildPhases = (
				FCBC2B442A66E561002925BD /* Sources */,
				FCBC2B452A66E561002925BD /* Frameworks */,
				FCBC2B462A66E561002925BD /* Resources */,
			);
			buildRules = (
			);
			dependencies = (
			);
			name = "Virtual Tourist";
			productName = "Virtual Tourist";
			productReference = FCBC2B482A66E561002925BD /* Virtual Tourist.app */;
			productType = "com.apple.product-type.application";
		};
/* End PBXNativeTarget section */

/* Begin PBXProject section */
		FCBC2B402A66E561002925BD /* Project object */ = {
			isa = PBXProject;
			attributes = {
				BuildIndependentTargetsInParallel = 1;
				LastSwiftUpdateCheck = 1430;
				LastUpgradeCheck = 1430;
				TargetAttributes = {
					FC25DB3B2A69460800EE351F = {
						CreatedOnToolsVersion = 14.3.1;
						TestTargetID = FCBC2B472A66E561002925BD;
					};
					FCBC2B472A66E561002925BD = {
						CreatedOnToolsVersion = 14.3.1;
					};
				};
			};
			buildConfigurationList = FCBC2B432A66E561002925BD /* Build configuration list for PBXProject "Virtual Tourist" */;
			compatibilityVersion = "Xcode 14.0";
			developmentRegion = en;
			hasScannedForEncodings = 0;
			knownRegions = (
				en,
				Base,
			);
			mainGroup = FCBC2B3F2A66E561002925BD;
			productRefGroup = FCBC2B492A66E561002925BD /* Products */;
			projectDirPath = "";
			projectRoot = "";
			targets = (
				FCBC2B472A66E561002925BD /* Virtual Tourist */,
				FC25DB3B2A69460800EE351F /* VirtualTouristUITests */,
			);
		};
/* End PBXProject section */

/* Begin PBXResourcesBuildPhase section */
		FC25DB3A2A69460800EE351F /* Resources */ = {
			isa = PBXResourcesBuildPhase;
			buildActionMask = 2147483647;
			files = (
			);
			runOnlyForDeploymentPostprocessing = 0;
		};
		FCBC2B462A66E561002925BD /* Resources */ = {
			isa = PBXResourcesBuildPhase;
			buildActionMask = 2147483647;
			files = (
				FCBC2B582A66E564002925BD /* LaunchScreen.storyboard in Resources */,
				FCBC2B552A66E564002925BD /* Assets.xcassets in Resources */,
				FCBC2B532A66E561002925BD /* Main.storyboard in Resources */,
			);
			runOnlyForDeploymentPostprocessing = 0;
		};
/* End PBXResourcesBuildPhase section */

/* Begin PBXSourcesBuildPhase section */
		FC25DB382A69460800EE351F /* Sources */ = {
			isa = PBXSourcesBuildPhase;
			buildActionMask = 2147483647;
			files = (
			);
			runOnlyForDeploymentPostprocessing = 0;
		};
		FCBC2B442A66E561002925BD /* Sources */ = {
			isa = PBXSourcesBuildPhase;
			buildActionMask = 2147483647;
			files = (
				FC25DB4C2A69715100EE351F /* PhotoGalleryViewController.swift in Sources */,
				FCA507462A712E9B00359993 /* FlickrPhoto.swift in Sources */,
				FCA5074C2A73C05100359993 /* HttpClientFake.swift in Sources */,
				FCBC2B4C2A66E561002925BD /* AppDelegate.swift in Sources */,
				FC25DB352A692E0A00EE351F /* CoreDataStack.swift in Sources */,
				FCA507442A712E8400359993 /* PhotosResult.swift in Sources */,
				FCF21C622A6FD11B006587B9 /* FlickrAPI.swift in Sources */,
				FCA507502A781E4800359993 /* CLLocationCoordinate2D+Extensions.swift in Sources */,
				FC25DB372A69362500EE351F /* DataControllerManager.swift in Sources */,
				FCA507422A71140900359993 /* PhotosResponse.swift in Sources */,
				FC25DB4E2A69717B00EE351F /* PhotoGalleryViewModel.swift in Sources */,
				FCBC2B662A6820CF002925BD /* VirtualTourist.xcdatamodeld in Sources */,
				FCF21C642A6FD3FA006587B9 /* HttpClient.swift in Sources */,
				FCBC2B4E2A66E561002925BD /* SceneDelegate.swift in Sources */,
				FCA5074A2A73BF5F00359993 /* HttpClientProtocol.swift in Sources */,
				FCF21C5F2A6FCACF006587B9 /* PhotoGalleryDataSource.swift in Sources */,
				FCA5074E2A77C76200359993 /* DataControllerProtocol.swift in Sources */,
				FCA507482A71540400359993 /* ImageRepositoryProtocol.swift in Sources */,
				FCF21C5D2A6FC038006587B9 /* PhotoGalleryCell.swift in Sources */,
				FCBC2B602A67F1C4002925BD /* TravelLocationViewController.swift in Sources */,
				FCBC2B632A67F2BF002925BD /* TravelLocationViewModel.swift in Sources */,
				FCA507522A794DD700359993 /* CoreDataPrintViewModel.swift in Sources */,
			);
			runOnlyForDeploymentPostprocessing = 0;
		};
/* End PBXSourcesBuildPhase section */

/* Begin PBXTargetDependency section */
		FC25DB432A69460800EE351F /* PBXTargetDependency */ = {
			isa = PBXTargetDependency;
			target = FCBC2B472A66E561002925BD /* Virtual Tourist */;
			targetProxy = FC25DB422A69460800EE351F /* PBXContainerItemProxy */;
		};
/* End PBXTargetDependency section */

/* Begin PBXVariantGroup section */
		FCBC2B512A66E561002925BD /* Main.storyboard */ = {
			isa = PBXVariantGroup;
			children = (
				FCBC2B522A66E561002925BD /* Base */,
			);
			name = Main.storyboard;
			sourceTree = "<group>";
		};
		FCBC2B562A66E564002925BD /* LaunchScreen.storyboard */ = {
			isa = PBXVariantGroup;
			children = (
				FCBC2B572A66E564002925BD /* Base */,
			);
			name = LaunchScreen.storyboard;
			sourceTree = "<group>";
		};
/* End PBXVariantGroup section */

/* Begin XCBuildConfiguration section */
		FC25DB452A69460900EE351F /* Debug */ = {
			isa = XCBuildConfiguration;
			buildSettings = {
				CODE_SIGN_STYLE = Automatic;
				CURRENT_PROJECT_VERSION = 1;
				DEVELOPMENT_TEAM = 6U5TN43STZ;
				GENERATE_INFOPLIST_FILE = YES;
				MARKETING_VERSION = 1.0;
				PRODUCT_BUNDLE_IDENTIFIER = com.joaoponte.VirtualTouristUITests;
				PRODUCT_NAME = "$(TARGET_NAME)";
				SWIFT_EMIT_LOC_STRINGS = NO;
				SWIFT_VERSION = 5.0;
				TARGETED_DEVICE_FAMILY = "1,2";
				TEST_TARGET_NAME = "Virtual Tourist";
			};
			name = Debug;
		};
		FC25DB462A69460900EE351F /* Release */ = {
			isa = XCBuildConfiguration;
			buildSettings = {
				CODE_SIGN_STYLE = Automatic;
				CURRENT_PROJECT_VERSION = 1;
				DEVELOPMENT_TEAM = 6U5TN43STZ;
				GENERATE_INFOPLIST_FILE = YES;
				MARKETING_VERSION = 1.0;
				PRODUCT_BUNDLE_IDENTIFIER = com.joaoponte.VirtualTouristUITests;
				PRODUCT_NAME = "$(TARGET_NAME)";
				SWIFT_EMIT_LOC_STRINGS = NO;
				SWIFT_VERSION = 5.0;
				TARGETED_DEVICE_FAMILY = "1,2";
				TEST_TARGET_NAME = "Virtual Tourist";
			};
			name = Release;
		};
		FCBC2B5A2A66E564002925BD /* Debug */ = {
			isa = XCBuildConfiguration;
			buildSettings = {
				ALWAYS_SEARCH_USER_PATHS = NO;
				CLANG_ANALYZER_NONNULL = YES;
				CLANG_ANALYZER_NUMBER_OBJECT_CONVERSION = YES_AGGRESSIVE;
				CLANG_CXX_LANGUAGE_STANDARD = "gnu++20";
				CLANG_ENABLE_MODULES = YES;
				CLANG_ENABLE_OBJC_ARC = YES;
				CLANG_ENABLE_OBJC_WEAK = YES;
				CLANG_WARN_BLOCK_CAPTURE_AUTORELEASING = YES;
				CLANG_WARN_BOOL_CONVERSION = YES;
				CLANG_WARN_COMMA = YES;
				CLANG_WARN_CONSTANT_CONVERSION = YES;
				CLANG_WARN_DEPRECATED_OBJC_IMPLEMENTATIONS = YES;
				CLANG_WARN_DIRECT_OBJC_ISA_USAGE = YES_ERROR;
				CLANG_WARN_DOCUMENTATION_COMMENTS = YES;
				CLANG_WARN_EMPTY_BODY = YES;
				CLANG_WARN_ENUM_CONVERSION = YES;
				CLANG_WARN_INFINITE_RECURSION = YES;
				CLANG_WARN_INT_CONVERSION = YES;
				CLANG_WARN_NON_LITERAL_NULL_CONVERSION = YES;
				CLANG_WARN_OBJC_IMPLICIT_RETAIN_SELF = YES;
				CLANG_WARN_OBJC_LITERAL_CONVERSION = YES;
				CLANG_WARN_OBJC_ROOT_CLASS = YES_ERROR;
				CLANG_WARN_QUOTED_INCLUDE_IN_FRAMEWORK_HEADER = YES;
				CLANG_WARN_RANGE_LOOP_ANALYSIS = YES;
				CLANG_WARN_STRICT_PROTOTYPES = YES;
				CLANG_WARN_SUSPICIOUS_MOVE = YES;
				CLANG_WARN_UNGUARDED_AVAILABILITY = YES_AGGRESSIVE;
				CLANG_WARN_UNREACHABLE_CODE = YES;
				CLANG_WARN__DUPLICATE_METHOD_MATCH = YES;
				COPY_PHASE_STRIP = NO;
				DEBUG_INFORMATION_FORMAT = dwarf;
				ENABLE_STRICT_OBJC_MSGSEND = YES;
				ENABLE_TESTABILITY = YES;
				GCC_C_LANGUAGE_STANDARD = gnu11;
				GCC_DYNAMIC_NO_PIC = NO;
				GCC_NO_COMMON_BLOCKS = YES;
				GCC_OPTIMIZATION_LEVEL = 0;
				GCC_PREPROCESSOR_DEFINITIONS = (
					"DEBUG=1",
					"$(inherited)",
				);
				GCC_WARN_64_TO_32_BIT_CONVERSION = YES;
				GCC_WARN_ABOUT_RETURN_TYPE = YES_ERROR;
				GCC_WARN_UNDECLARED_SELECTOR = YES;
				GCC_WARN_UNINITIALIZED_AUTOS = YES_AGGRESSIVE;
				GCC_WARN_UNUSED_FUNCTION = YES;
				GCC_WARN_UNUSED_VARIABLE = YES;
				IPHONEOS_DEPLOYMENT_TARGET = 16.4;
				MTL_ENABLE_DEBUG_INFO = INCLUDE_SOURCE;
				MTL_FAST_MATH = YES;
				ONLY_ACTIVE_ARCH = YES;
				SDKROOT = iphoneos;
				SWIFT_ACTIVE_COMPILATION_CONDITIONS = DEBUG;
				SWIFT_OPTIMIZATION_LEVEL = "-Onone";
			};
			name = Debug;
		};
		FCBC2B5B2A66E564002925BD /* Release */ = {
			isa = XCBuildConfiguration;
			buildSettings = {
				ALWAYS_SEARCH_USER_PATHS = NO;
				CLANG_ANALYZER_NONNULL = YES;
				CLANG_ANALYZER_NUMBER_OBJECT_CONVERSION = YES_AGGRESSIVE;
				CLANG_CXX_LANGUAGE_STANDARD = "gnu++20";
				CLANG_ENABLE_MODULES = YES;
				CLANG_ENABLE_OBJC_ARC = YES;
				CLANG_ENABLE_OBJC_WEAK = YES;
				CLANG_WARN_BLOCK_CAPTURE_AUTORELEASING = YES;
				CLANG_WARN_BOOL_CONVERSION = YES;
				CLANG_WARN_COMMA = YES;
				CLANG_WARN_CONSTANT_CONVERSION = YES;
				CLANG_WARN_DEPRECATED_OBJC_IMPLEMENTATIONS = YES;
				CLANG_WARN_DIRECT_OBJC_ISA_USAGE = YES_ERROR;
				CLANG_WARN_DOCUMENTATION_COMMENTS = YES;
				CLANG_WARN_EMPTY_BODY = YES;
				CLANG_WARN_ENUM_CONVERSION = YES;
				CLANG_WARN_INFINITE_RECURSION = YES;
				CLANG_WARN_INT_CONVERSION = YES;
				CLANG_WARN_NON_LITERAL_NULL_CONVERSION = YES;
				CLANG_WARN_OBJC_IMPLICIT_RETAIN_SELF = YES;
				CLANG_WARN_OBJC_LITERAL_CONVERSION = YES;
				CLANG_WARN_OBJC_ROOT_CLASS = YES_ERROR;
				CLANG_WARN_QUOTED_INCLUDE_IN_FRAMEWORK_HEADER = YES;
				CLANG_WARN_RANGE_LOOP_ANALYSIS = YES;
				CLANG_WARN_STRICT_PROTOTYPES = YES;
				CLANG_WARN_SUSPICIOUS_MOVE = YES;
				CLANG_WARN_UNGUARDED_AVAILABILITY = YES_AGGRESSIVE;
				CLANG_WARN_UNREACHABLE_CODE = YES;
				CLANG_WARN__DUPLICATE_METHOD_MATCH = YES;
				COPY_PHASE_STRIP = NO;
				DEBUG_INFORMATION_FORMAT = "dwarf-with-dsym";
				ENABLE_NS_ASSERTIONS = NO;
				ENABLE_STRICT_OBJC_MSGSEND = YES;
				GCC_C_LANGUAGE_STANDARD = gnu11;
				GCC_NO_COMMON_BLOCKS = YES;
				GCC_WARN_64_TO_32_BIT_CONVERSION = YES;
				GCC_WARN_ABOUT_RETURN_TYPE = YES_ERROR;
				GCC_WARN_UNDECLARED_SELECTOR = YES;
				GCC_WARN_UNINITIALIZED_AUTOS = YES_AGGRESSIVE;
				GCC_WARN_UNUSED_FUNCTION = YES;
				GCC_WARN_UNUSED_VARIABLE = YES;
				IPHONEOS_DEPLOYMENT_TARGET = 16.4;
				MTL_ENABLE_DEBUG_INFO = NO;
				MTL_FAST_MATH = YES;
				SDKROOT = iphoneos;
				SWIFT_COMPILATION_MODE = wholemodule;
				SWIFT_OPTIMIZATION_LEVEL = "-O";
				VALIDATE_PRODUCT = YES;
			};
			name = Release;
		};
		FCBC2B5D2A66E564002925BD /* Debug */ = {
			isa = XCBuildConfiguration;
			buildSettings = {
				ASSETCATALOG_COMPILER_APPICON_NAME = AppIcon;
				ASSETCATALOG_COMPILER_GLOBAL_ACCENT_COLOR_NAME = AccentColor;
				CODE_SIGN_STYLE = Automatic;
				CURRENT_PROJECT_VERSION = 1;
				DEVELOPMENT_TEAM = 6U5TN43STZ;
				GENERATE_INFOPLIST_FILE = YES;
				INFOPLIST_FILE = "Virtual Tourist/Info.plist";
				INFOPLIST_KEY_UIApplicationSupportsIndirectInputEvents = YES;
				INFOPLIST_KEY_UILaunchStoryboardName = LaunchScreen;
				INFOPLIST_KEY_UIMainStoryboardFile = Main;
				INFOPLIST_KEY_UISupportedInterfaceOrientations_iPad = "UIInterfaceOrientationPortrait UIInterfaceOrientationPortraitUpsideDown UIInterfaceOrientationLandscapeLeft UIInterfaceOrientationLandscapeRight";
				INFOPLIST_KEY_UISupportedInterfaceOrientations_iPhone = "UIInterfaceOrientationPortrait UIInterfaceOrientationLandscapeLeft UIInterfaceOrientationLandscapeRight";
				LD_RUNPATH_SEARCH_PATHS = (
					"$(inherited)",
					"@executable_path/Frameworks",
				);
				MARKETING_VERSION = 1.0;
				PRODUCT_BUNDLE_IDENTIFIER = "com.joaoponte.Virtual-Tourist";
				PRODUCT_NAME = "$(TARGET_NAME)";
				SWIFT_EMIT_LOC_STRINGS = YES;
				SWIFT_VERSION = 5.0;
				TARGETED_DEVICE_FAMILY = "1,2";
			};
			name = Debug;
		};
		FCBC2B5E2A66E564002925BD /* Release */ = {
			isa = XCBuildConfiguration;
			buildSettings = {
				ASSETCATALOG_COMPILER_APPICON_NAME = AppIcon;
				ASSETCATALOG_COMPILER_GLOBAL_ACCENT_COLOR_NAME = AccentColor;
				CODE_SIGN_STYLE = Automatic;
				CURRENT_PROJECT_VERSION = 1;
				DEVELOPMENT_TEAM = 6U5TN43STZ;
				GENERATE_INFOPLIST_FILE = YES;
				INFOPLIST_FILE = "Virtual Tourist/Info.plist";
				INFOPLIST_KEY_UIApplicationSupportsIndirectInputEvents = YES;
				INFOPLIST_KEY_UILaunchStoryboardName = LaunchScreen;
				INFOPLIST_KEY_UIMainStoryboardFile = Main;
				INFOPLIST_KEY_UISupportedInterfaceOrientations_iPad = "UIInterfaceOrientationPortrait UIInterfaceOrientationPortraitUpsideDown UIInterfaceOrientationLandscapeLeft UIInterfaceOrientationLandscapeRight";
				INFOPLIST_KEY_UISupportedInterfaceOrientations_iPhone = "UIInterfaceOrientationPortrait UIInterfaceOrientationLandscapeLeft UIInterfaceOrientationLandscapeRight";
				LD_RUNPATH_SEARCH_PATHS = (
					"$(inherited)",
					"@executable_path/Frameworks",
				);
				MARKETING_VERSION = 1.0;
				PRODUCT_BUNDLE_IDENTIFIER = "com.joaoponte.Virtual-Tourist";
				PRODUCT_NAME = "$(TARGET_NAME)";
				SWIFT_EMIT_LOC_STRINGS = YES;
				SWIFT_VERSION = 5.0;
				TARGETED_DEVICE_FAMILY = "1,2";
			};
			name = Release;
		};
/* End XCBuildConfiguration section */

/* Begin XCConfigurationList section */
		FC25DB442A69460900EE351F /* Build configuration list for PBXNativeTarget "VirtualTouristUITests" */ = {
			isa = XCConfigurationList;
			buildConfigurations = (
				FC25DB452A69460900EE351F /* Debug */,
				FC25DB462A69460900EE351F /* Release */,
			);
			defaultConfigurationIsVisible = 0;
			defaultConfigurationName = Release;
		};
		FCBC2B432A66E561002925BD /* Build configuration list for PBXProject "Virtual Tourist" */ = {
			isa = XCConfigurationList;
			buildConfigurations = (
				FCBC2B5A2A66E564002925BD /* Debug */,
				FCBC2B5B2A66E564002925BD /* Release */,
			);
			defaultConfigurationIsVisible = 0;
			defaultConfigurationName = Release;
		};
		FCBC2B5C2A66E564002925BD /* Build configuration list for PBXNativeTarget "Virtual Tourist" */ = {
			isa = XCConfigurationList;
			buildConfigurations = (
				FCBC2B5D2A66E564002925BD /* Debug */,
				FCBC2B5E2A66E564002925BD /* Release */,
			);
			defaultConfigurationIsVisible = 0;
			defaultConfigurationName = Release;
		};
/* End XCConfigurationList section */

/* Begin XCVersionGroup section */
		FCBC2B642A6820CF002925BD /* VirtualTourist.xcdatamodeld */ = {
			isa = XCVersionGroup;
			children = (
				FCBC2B652A6820CF002925BD /* VirtualTourist.xcdatamodel */,
			);
			currentVersion = FCBC2B652A6820CF002925BD /* VirtualTourist.xcdatamodel */;
			path = VirtualTourist.xcdatamodeld;
			sourceTree = "<group>";
			versionGroupType = wrapper.xcdatamodel;
		};
/* End XCVersionGroup section */
	};
	rootObject = FCBC2B402A66E561002925BD /* Project object */;
}
